// !$*UTF8*$!
{
	archiveVersion = 1;
	classes = {
	};
	objectVersion = 50;
	objects = {

/* Begin PBXBuildFile section */
		990BAF2321CE9FDC00E2B355 /* PriorFile.cpp in Sources */ = {isa = PBXBuildFile; fileRef = 990BAF2121CE9FDC00E2B355 /* PriorFile.cpp */; };
		993357C5219D84B40086239E /* ResultsStats_Fitness.cpp in Sources */ = {isa = PBXBuildFile; fileRef = 993357A3219D84B10086239E /* ResultsStats_Fitness.cpp */; };
		993357C6219D84B40086239E /* CMulator_GetSet.cpp in Sources */ = {isa = PBXBuildFile; fileRef = 993357A4219D84B10086239E /* CMulator_GetSet.cpp */; };
		993357C7219D84B40086239E /* CMulator_IO.cpp in Sources */ = {isa = PBXBuildFile; fileRef = 993357A5219D84B10086239E /* CMulator_IO.cpp */; };
		993357C8219D84B40086239E /* clsCMulatorABC_Utilities.cpp in Sources */ = {isa = PBXBuildFile; fileRef = 993357A6219D84B10086239E /* clsCMulatorABC_Utilities.cpp */; };
		993357C9219D84B40086239E /* PriorSampler.cpp in Sources */ = {isa = PBXBuildFile; fileRef = 993357A7219D84B10086239E /* PriorSampler.cpp */; };
		993357CA219D84B40086239E /* CMulator_Core.cpp in Sources */ = {isa = PBXBuildFile; fileRef = 993357A8219D84B10086239E /* CMulator_Core.cpp */; };
		993357CB219D84B40086239E /* clsCMulatorABC_PostProcessing.cpp in Sources */ = {isa = PBXBuildFile; fileRef = 993357A9219D84B10086239E /* clsCMulatorABC_PostProcessing.cpp */; };
		993357CC219D84B40086239E /* CMulator_Utilities.cpp in Sources */ = {isa = PBXBuildFile; fileRef = 993357AA219D84B10086239E /* CMulator_Utilities.cpp */; };
		993357CD219D84B40086239E /* ResultsStats_PopulationSize.cpp in Sources */ = {isa = PBXBuildFile; fileRef = 993357AB219D84B10086239E /* ResultsStats_PopulationSize.cpp */; };
		993357CE219D84B40086239E /* ResultsStats.cpp in Sources */ = {isa = PBXBuildFile; fileRef = 993357AD219D84B20086239E /* ResultsStats.cpp */; };
		993357D0219D84B40086239E /* CMulator_Constructors.cpp in Sources */ = {isa = PBXBuildFile; fileRef = 993357AF219D84B20086239E /* CMulator_Constructors.cpp */; };
		993357D1219D84B40086239E /* clsCMulatorABC_Mutrate.cpp in Sources */ = {isa = PBXBuildFile; fileRef = 993357B0219D84B20086239E /* clsCMulatorABC_Mutrate.cpp */; };
		993357D2219D84B40086239E /* clsCMulatorABC.cpp in Sources */ = {isa = PBXBuildFile; fileRef = 993357B3219D84B20086239E /* clsCMulatorABC.cpp */; };
		993357D4219D84B40086239E /* ResultsStats_MutRate.cpp in Sources */ = {isa = PBXBuildFile; fileRef = 993357B7219D84B30086239E /* ResultsStats_MutRate.cpp */; };
		993357D5219D84B40086239E /* clsCMulatorABC_Fitness.cpp in Sources */ = {isa = PBXBuildFile; fileRef = 993357B9219D84B30086239E /* clsCMulatorABC_Fitness.cpp */; };
		993357D6219D84B40086239E /* ZParams.cpp in Sources */ = {isa = PBXBuildFile; fileRef = 993357BA219D84B30086239E /* ZParams.cpp */; };
		993357D7219D84B40086239E /* ActualDataFile_Entry.cpp in Sources */ = {isa = PBXBuildFile; fileRef = 993357BC219D84B30086239E /* ActualDataFile_Entry.cpp */; };
		993357D8219D84B40086239E /* CMulatorMain.cpp in Sources */ = {isa = PBXBuildFile; fileRef = 993357BD219D84B30086239E /* CMulatorMain.cpp */; };
		993357D9219D84B40086239E /* SimulationResult.cpp in Sources */ = {isa = PBXBuildFile; fileRef = 993357BE219D84B30086239E /* SimulationResult.cpp */; };
		993357DA219D84B40086239E /* CMulator_Initialization.cpp in Sources */ = {isa = PBXBuildFile; fileRef = 993357C0219D84B30086239E /* CMulator_Initialization.cpp */; };
		993357DB219D84B40086239E /* ResultsStats_IO.cpp in Sources */ = {isa = PBXBuildFile; fileRef = 993357C1219D84B30086239E /* ResultsStats_IO.cpp */; };
		993357DC219D84B40086239E /* ActualDataFile.cpp in Sources */ = {isa = PBXBuildFile; fileRef = 993357C2219D84B40086239E /* ActualDataFile.cpp */; };
		993357DD219D84B40086239E /* clsCMulatorABC_Popsize.cpp in Sources */ = {isa = PBXBuildFile; fileRef = 993357C3219D84B40086239E /* clsCMulatorABC_Popsize.cpp */; };
		9966661621B9454500CC107B /* ActualDataFile_Position.cpp in Sources */ = {isa = PBXBuildFile; fileRef = 9966661521B9454500CC107B /* ActualDataFile_Position.cpp */; };
		9966661821B94D6400CC107B /* ActualDataFile_File.cpp in Sources */ = {isa = PBXBuildFile; fileRef = 9966661721B94D6400CC107B /* ActualDataFile_File.cpp */; };
		9966661A21B96B1300CC107B /* FITS_Tests.cpp in Sources */ = {isa = PBXBuildFile; fileRef = 9966661921B96B1300CC107B /* FITS_Tests.cpp */; };
/* End PBXBuildFile section */

/* Begin PBXCopyFilesBuildPhase section */
		99335797219D83F40086239E /* CopyFiles */ = {
			isa = PBXCopyFilesBuildPhase;
			buildActionMask = 2147483647;
			dstPath = /usr/share/man/man1/;
			dstSubfolderSpec = 0;
			files = (
			);
			runOnlyForDeploymentPostprocessing = 1;
		};
/* End PBXCopyFilesBuildPhase section */

/* Begin PBXFileReference section */
		990BAF2121CE9FDC00E2B355 /* PriorFile.cpp */ = {isa = PBXFileReference; lastKnownFileType = sourcecode.cpp.cpp; path = PriorFile.cpp; sourceTree = "<group>"; };
		990BAF2221CE9FDC00E2B355 /* PriorFile.hpp */ = {isa = PBXFileReference; lastKnownFileType = sourcecode.cpp.h; path = PriorFile.hpp; sourceTree = "<group>"; };
		99335799219D83F40086239E /* fits */ = {isa = PBXFileReference; explicitFileType = "compiled.mach-o.executable"; includeInIndex = 0; path = fits; sourceTree = BUILT_PRODUCTS_DIR; };
		993357A3219D84B10086239E /* ResultsStats_Fitness.cpp */ = {isa = PBXFileReference; fileEncoding = 4; lastKnownFileType = sourcecode.cpp.cpp; path = ResultsStats_Fitness.cpp; sourceTree = "<group>"; };
		993357A4219D84B10086239E /* CMulator_GetSet.cpp */ = {isa = PBXFileReference; fileEncoding = 4; lastKnownFileType = sourcecode.cpp.cpp; path = CMulator_GetSet.cpp; sourceTree = "<group>"; };
		993357A5219D84B10086239E /* CMulator_IO.cpp */ = {isa = PBXFileReference; fileEncoding = 4; lastKnownFileType = sourcecode.cpp.cpp; path = CMulator_IO.cpp; sourceTree = "<group>"; };
		993357A6219D84B10086239E /* clsCMulatorABC_Utilities.cpp */ = {isa = PBXFileReference; fileEncoding = 4; lastKnownFileType = sourcecode.cpp.cpp; path = clsCMulatorABC_Utilities.cpp; sourceTree = "<group>"; };
		993357A7219D84B10086239E /* PriorSampler.cpp */ = {isa = PBXFileReference; fileEncoding = 4; lastKnownFileType = sourcecode.cpp.cpp; path = PriorSampler.cpp; sourceTree = "<group>"; };
		993357A8219D84B10086239E /* CMulator_Core.cpp */ = {isa = PBXFileReference; fileEncoding = 4; lastKnownFileType = sourcecode.cpp.cpp; path = CMulator_Core.cpp; sourceTree = "<group>"; };
		993357A9219D84B10086239E /* clsCMulatorABC_PostProcessing.cpp */ = {isa = PBXFileReference; fileEncoding = 4; lastKnownFileType = sourcecode.cpp.cpp; path = clsCMulatorABC_PostProcessing.cpp; sourceTree = "<group>"; };
		993357AA219D84B10086239E /* CMulator_Utilities.cpp */ = {isa = PBXFileReference; fileEncoding = 4; lastKnownFileType = sourcecode.cpp.cpp; path = CMulator_Utilities.cpp; sourceTree = "<group>"; };
		993357AB219D84B10086239E /* ResultsStats_PopulationSize.cpp */ = {isa = PBXFileReference; fileEncoding = 4; lastKnownFileType = sourcecode.cpp.cpp; path = ResultsStats_PopulationSize.cpp; sourceTree = "<group>"; };
		993357AC219D84B10086239E /* fits_constants.h */ = {isa = PBXFileReference; fileEncoding = 4; lastKnownFileType = sourcecode.c.h; path = fits_constants.h; sourceTree = "<group>"; };
		993357AD219D84B20086239E /* ResultsStats.cpp */ = {isa = PBXFileReference; fileEncoding = 4; lastKnownFileType = sourcecode.cpp.cpp; path = ResultsStats.cpp; sourceTree = "<group>"; };
		993357AF219D84B20086239E /* CMulator_Constructors.cpp */ = {isa = PBXFileReference; fileEncoding = 4; lastKnownFileType = sourcecode.cpp.cpp; path = CMulator_Constructors.cpp; sourceTree = "<group>"; };
		993357B0219D84B20086239E /* clsCMulatorABC_Mutrate.cpp */ = {isa = PBXFileReference; fileEncoding = 4; lastKnownFileType = sourcecode.cpp.cpp; path = clsCMulatorABC_Mutrate.cpp; sourceTree = "<group>"; };
		993357B1219D84B20086239E /* ActualDataFile.hpp */ = {isa = PBXFileReference; fileEncoding = 4; lastKnownFileType = sourcecode.cpp.h; path = ActualDataFile.hpp; sourceTree = "<group>"; };
		993357B2219D84B20086239E /* clsCMulatorABC.h */ = {isa = PBXFileReference; fileEncoding = 4; lastKnownFileType = sourcecode.c.h; path = clsCMulatorABC.h; sourceTree = "<group>"; };
		993357B3219D84B20086239E /* clsCMulatorABC.cpp */ = {isa = PBXFileReference; fileEncoding = 4; lastKnownFileType = sourcecode.cpp.cpp; path = clsCMulatorABC.cpp; sourceTree = "<group>"; };
		993357B4219D84B20086239E /* ZParams.h */ = {isa = PBXFileReference; fileEncoding = 4; lastKnownFileType = sourcecode.c.h; path = ZParams.h; sourceTree = "<group>"; };
		993357B7219D84B30086239E /* ResultsStats_MutRate.cpp */ = {isa = PBXFileReference; fileEncoding = 4; lastKnownFileType = sourcecode.cpp.cpp; path = ResultsStats_MutRate.cpp; sourceTree = "<group>"; };
		993357B8219D84B30086239E /* SimulationResult.hpp */ = {isa = PBXFileReference; fileEncoding = 4; lastKnownFileType = sourcecode.cpp.h; path = SimulationResult.hpp; sourceTree = "<group>"; };
		993357B9219D84B30086239E /* clsCMulatorABC_Fitness.cpp */ = {isa = PBXFileReference; fileEncoding = 4; lastKnownFileType = sourcecode.cpp.cpp; path = clsCMulatorABC_Fitness.cpp; sourceTree = "<group>"; };
		993357BA219D84B30086239E /* ZParams.cpp */ = {isa = PBXFileReference; fileEncoding = 4; lastKnownFileType = sourcecode.cpp.cpp; path = ZParams.cpp; sourceTree = "<group>"; };
		993357BB219D84B30086239E /* CMulator.h */ = {isa = PBXFileReference; fileEncoding = 4; lastKnownFileType = sourcecode.c.h; path = CMulator.h; sourceTree = "<group>"; };
		993357BC219D84B30086239E /* ActualDataFile_Entry.cpp */ = {isa = PBXFileReference; fileEncoding = 4; lastKnownFileType = sourcecode.cpp.cpp; path = ActualDataFile_Entry.cpp; sourceTree = "<group>"; };
		993357BD219D84B30086239E /* CMulatorMain.cpp */ = {isa = PBXFileReference; fileEncoding = 4; lastKnownFileType = sourcecode.cpp.cpp; path = CMulatorMain.cpp; sourceTree = "<group>"; };
		993357BE219D84B30086239E /* SimulationResult.cpp */ = {isa = PBXFileReference; fileEncoding = 4; lastKnownFileType = sourcecode.cpp.cpp; path = SimulationResult.cpp; sourceTree = "<group>"; };
		993357BF219D84B30086239E /* ResultsStats.hpp */ = {isa = PBXFileReference; fileEncoding = 4; lastKnownFileType = sourcecode.cpp.h; path = ResultsStats.hpp; sourceTree = "<group>"; };
		993357C0219D84B30086239E /* CMulator_Initialization.cpp */ = {isa = PBXFileReference; fileEncoding = 4; lastKnownFileType = sourcecode.cpp.cpp; path = CMulator_Initialization.cpp; sourceTree = "<group>"; };
		993357C1219D84B30086239E /* ResultsStats_IO.cpp */ = {isa = PBXFileReference; fileEncoding = 4; lastKnownFileType = sourcecode.cpp.cpp; path = ResultsStats_IO.cpp; sourceTree = "<group>"; };
		993357C2219D84B40086239E /* ActualDataFile.cpp */ = {isa = PBXFileReference; fileEncoding = 4; lastKnownFileType = sourcecode.cpp.cpp; path = ActualDataFile.cpp; sourceTree = "<group>"; };
		993357C3219D84B40086239E /* clsCMulatorABC_Popsize.cpp */ = {isa = PBXFileReference; fileEncoding = 4; lastKnownFileType = sourcecode.cpp.cpp; path = clsCMulatorABC_Popsize.cpp; sourceTree = "<group>"; };
		993357C4219D84B40086239E /* PriorSampler.hpp */ = {isa = PBXFileReference; fileEncoding = 4; lastKnownFileType = sourcecode.cpp.h; path = PriorSampler.hpp; sourceTree = "<group>"; };
		993357DE219D94C90086239E /* gpl.txt */ = {isa = PBXFileReference; fileEncoding = 4; lastKnownFileType = text; path = gpl.txt; sourceTree = "<group>"; };
		9966661521B9454500CC107B /* ActualDataFile_Position.cpp */ = {isa = PBXFileReference; lastKnownFileType = sourcecode.cpp.cpp; path = ActualDataFile_Position.cpp; sourceTree = "<group>"; };
		9966661721B94D6400CC107B /* ActualDataFile_File.cpp */ = {isa = PBXFileReference; lastKnownFileType = sourcecode.cpp.cpp; path = ActualDataFile_File.cpp; sourceTree = "<group>"; };
		9966661921B96B1300CC107B /* FITS_Tests.cpp */ = {isa = PBXFileReference; lastKnownFileType = sourcecode.cpp.cpp; path = FITS_Tests.cpp; sourceTree = "<group>"; };
/* End PBXFileReference section */

/* Begin PBXFrameworksBuildPhase section */
		99335796219D83F40086239E /* Frameworks */ = {
			isa = PBXFrameworksBuildPhase;
			buildActionMask = 2147483647;
			files = (
			);
			runOnlyForDeploymentPostprocessing = 0;
		};
/* End PBXFrameworksBuildPhase section */

/* Begin PBXGroup section */
		99335790219D83F40086239E = {
			isa = PBXGroup;
			children = (
				9933579B219D83F40086239E /* fits */,
				9933579A219D83F40086239E /* Products */,
			);
			sourceTree = "<group>";
		};
		9933579A219D83F40086239E /* Products */ = {
			isa = PBXGroup;
			children = (
				99335799219D83F40086239E /* fits */,
			);
			name = Products;
			sourceTree = "<group>";
		};
		9933579B219D83F40086239E /* fits */ = {
			isa = PBXGroup;
			children = (
				993357BC219D84B30086239E /* ActualDataFile_Entry.cpp */,
				9966661721B94D6400CC107B /* ActualDataFile_File.cpp */,
				9966661521B9454500CC107B /* ActualDataFile_Position.cpp */,
				993357C2219D84B40086239E /* ActualDataFile.cpp */,
				993357B1219D84B20086239E /* ActualDataFile.hpp */,
				993357B9219D84B30086239E /* clsCMulatorABC_Fitness.cpp */,
				993357B0219D84B20086239E /* clsCMulatorABC_Mutrate.cpp */,
				993357C3219D84B40086239E /* clsCMulatorABC_Popsize.cpp */,
				993357A9219D84B10086239E /* clsCMulatorABC_PostProcessing.cpp */,
				993357A6219D84B10086239E /* clsCMulatorABC_Utilities.cpp */,
				993357B3219D84B20086239E /* clsCMulatorABC.cpp */,
				993357B2219D84B20086239E /* clsCMulatorABC.h */,
				993357AF219D84B20086239E /* CMulator_Constructors.cpp */,
				993357A8219D84B10086239E /* CMulator_Core.cpp */,
				993357A4219D84B10086239E /* CMulator_GetSet.cpp */,
				993357C0219D84B30086239E /* CMulator_Initialization.cpp */,
				993357A5219D84B10086239E /* CMulator_IO.cpp */,
				993357AA219D84B10086239E /* CMulator_Utilities.cpp */,
				993357BB219D84B30086239E /* CMulator.h */,
				993357BD219D84B30086239E /* CMulatorMain.cpp */,
				993357AC219D84B10086239E /* fits_constants.h */,
				9966661921B96B1300CC107B /* FITS_Tests.cpp */,
				993357DE219D94C90086239E /* gpl.txt */,
				990BAF2121CE9FDC00E2B355 /* PriorFile.cpp */,
				990BAF2221CE9FDC00E2B355 /* PriorFile.hpp */,
				993357A7219D84B10086239E /* PriorSampler.cpp */,
				993357C4219D84B40086239E /* PriorSampler.hpp */,
				993357A3219D84B10086239E /* ResultsStats_Fitness.cpp */,
				993357C1219D84B30086239E /* ResultsStats_IO.cpp */,
				993357B7219D84B30086239E /* ResultsStats_MutRate.cpp */,
				993357AB219D84B10086239E /* ResultsStats_PopulationSize.cpp */,
				993357AD219D84B20086239E /* ResultsStats.cpp */,
				993357BF219D84B30086239E /* ResultsStats.hpp */,
				993357BE219D84B30086239E /* SimulationResult.cpp */,
				993357B8219D84B30086239E /* SimulationResult.hpp */,
				993357BA219D84B30086239E /* ZParams.cpp */,
				993357B4219D84B20086239E /* ZParams.h */,
			);
			path = fits;
			sourceTree = "<group>";
		};
/* End PBXGroup section */

/* Begin PBXNativeTarget section */
		99335798219D83F40086239E /* fits */ = {
			isa = PBXNativeTarget;
			buildConfigurationList = 993357A0219D83F40086239E /* Build configuration list for PBXNativeTarget "fits" */;
			buildPhases = (
				99335795219D83F40086239E /* Sources */,
				99335796219D83F40086239E /* Frameworks */,
				99335797219D83F40086239E /* CopyFiles */,
			);
			buildRules = (
			);
			dependencies = (
			);
			name = fits;
			productName = fits;
			productReference = 99335799219D83F40086239E /* fits */;
			productType = "com.apple.product-type.tool";
		};
/* End PBXNativeTarget section */

/* Begin PBXProject section */
		99335791219D83F40086239E /* Project object */ = {
			isa = PBXProject;
			attributes = {
				LastUpgradeCheck = 1010;
				ORGANIZATIONNAME = "Stern Lab";
				TargetAttributes = {
					99335798219D83F40086239E = {
						CreatedOnToolsVersion = 10.1;
					};
				};
			};
			buildConfigurationList = 99335794219D83F40086239E /* Build configuration list for PBXProject "fits" */;
			compatibilityVersion = "Xcode 9.3";
			developmentRegion = en;
			hasScannedForEncodings = 0;
			knownRegions = (
				en,
			);
			mainGroup = 99335790219D83F40086239E;
			productRefGroup = 9933579A219D83F40086239E /* Products */;
			projectDirPath = "";
			projectRoot = "";
			targets = (
				99335798219D83F40086239E /* fits */,
			);
		};
/* End PBXProject section */

/* Begin PBXSourcesBuildPhase section */
		99335795219D83F40086239E /* Sources */ = {
			isa = PBXSourcesBuildPhase;
			buildActionMask = 2147483647;
			files = (
				993357D9219D84B40086239E /* SimulationResult.cpp in Sources */,
				993357D7219D84B40086239E /* ActualDataFile_Entry.cpp in Sources */,
				993357CB219D84B40086239E /* clsCMulatorABC_PostProcessing.cpp in Sources */,
				993357D5219D84B40086239E /* clsCMulatorABC_Fitness.cpp in Sources */,
				993357DA219D84B40086239E /* CMulator_Initialization.cpp in Sources */,
				993357DC219D84B40086239E /* ActualDataFile.cpp in Sources */,
				993357CC219D84B40086239E /* CMulator_Utilities.cpp in Sources */,
				993357CA219D84B40086239E /* CMulator_Core.cpp in Sources */,
				9966661821B94D6400CC107B /* ActualDataFile_File.cpp in Sources */,
				993357D0219D84B40086239E /* CMulator_Constructors.cpp in Sources */,
				993357C6219D84B40086239E /* CMulator_GetSet.cpp in Sources */,
				993357CE219D84B40086239E /* ResultsStats.cpp in Sources */,
				990BAF2321CE9FDC00E2B355 /* PriorFile.cpp in Sources */,
				993357D2219D84B40086239E /* clsCMulatorABC.cpp in Sources */,
				993357C8219D84B40086239E /* clsCMulatorABC_Utilities.cpp in Sources */,
				993357CD219D84B40086239E /* ResultsStats_PopulationSize.cpp in Sources */,
				9966661A21B96B1300CC107B /* FITS_Tests.cpp in Sources */,
				993357C7219D84B40086239E /* CMulator_IO.cpp in Sources */,
				993357C5219D84B40086239E /* ResultsStats_Fitness.cpp in Sources */,
				993357C9219D84B40086239E /* PriorSampler.cpp in Sources */,
				9966661621B9454500CC107B /* ActualDataFile_Position.cpp in Sources */,
				993357D1219D84B40086239E /* clsCMulatorABC_Mutrate.cpp in Sources */,
				993357DB219D84B40086239E /* ResultsStats_IO.cpp in Sources */,
				993357D8219D84B40086239E /* CMulatorMain.cpp in Sources */,
				993357DD219D84B40086239E /* clsCMulatorABC_Popsize.cpp in Sources */,
				993357D4219D84B40086239E /* ResultsStats_MutRate.cpp in Sources */,
				993357D6219D84B40086239E /* ZParams.cpp in Sources */,
			);
			runOnlyForDeploymentPostprocessing = 0;
		};
/* End PBXSourcesBuildPhase section */

/* Begin XCBuildConfiguration section */
		9933579E219D83F40086239E /* Debug */ = {
			isa = XCBuildConfiguration;
			buildSettings = {
				ALWAYS_SEARCH_USER_PATHS = YES;
				CLANG_ANALYZER_NONNULL = YES;
				CLANG_ANALYZER_NUMBER_OBJECT_CONVERSION = YES_AGGRESSIVE;
				CLANG_CXX_LANGUAGE_STANDARD = "c++0x";
				CLANG_CXX_LIBRARY = "libc++";
				CLANG_ENABLE_MODULES = YES;
				CLANG_ENABLE_OBJC_ARC = YES;
				CLANG_ENABLE_OBJC_WEAK = YES;
				CLANG_WARN_BLOCK_CAPTURE_AUTORELEASING = YES;
				CLANG_WARN_BOOL_CONVERSION = YES;
				CLANG_WARN_COMMA = YES;
				CLANG_WARN_CONSTANT_CONVERSION = YES;
				CLANG_WARN_DEPRECATED_OBJC_IMPLEMENTATIONS = YES;
				CLANG_WARN_DIRECT_OBJC_ISA_USAGE = YES_ERROR;
				CLANG_WARN_DOCUMENTATION_COMMENTS = YES;
				CLANG_WARN_EMPTY_BODY = YES;
				CLANG_WARN_ENUM_CONVERSION = YES;
				CLANG_WARN_INFINITE_RECURSION = YES;
				CLANG_WARN_INT_CONVERSION = YES;
				CLANG_WARN_NON_LITERAL_NULL_CONVERSION = YES;
				CLANG_WARN_OBJC_IMPLICIT_RETAIN_SELF = YES;
				CLANG_WARN_OBJC_LITERAL_CONVERSION = YES;
				CLANG_WARN_OBJC_ROOT_CLASS = YES_ERROR;
				CLANG_WARN_RANGE_LOOP_ANALYSIS = YES;
				CLANG_WARN_STRICT_PROTOTYPES = YES;
				CLANG_WARN_SUSPICIOUS_MOVE = YES;
				CLANG_WARN_UNGUARDED_AVAILABILITY = YES_AGGRESSIVE;
				CLANG_WARN_UNREACHABLE_CODE = YES;
				CLANG_WARN__DUPLICATE_METHOD_MATCH = YES;
				CODE_SIGN_IDENTITY = "-";
				COPY_PHASE_STRIP = NO;
				DEBUG_INFORMATION_FORMAT = dwarf;
				ENABLE_STRICT_OBJC_MSGSEND = YES;
				ENABLE_TESTABILITY = YES;
				GCC_C_LANGUAGE_STANDARD = gnu11;
				GCC_DYNAMIC_NO_PIC = NO;
				GCC_NO_COMMON_BLOCKS = YES;
				GCC_OPTIMIZATION_LEVEL = 0;
				GCC_PREPROCESSOR_DEFINITIONS = (
					"DEBUG=1",
					"$(inherited)",
				);
				GCC_WARN_64_TO_32_BIT_CONVERSION = YES;
				GCC_WARN_ABOUT_RETURN_TYPE = YES_ERROR;
				GCC_WARN_UNDECLARED_SELECTOR = YES;
				GCC_WARN_UNINITIALIZED_AUTOS = YES_AGGRESSIVE;
				GCC_WARN_UNUSED_FUNCTION = YES;
				GCC_WARN_UNUSED_VARIABLE = YES;
				MACOSX_DEPLOYMENT_TARGET = 10.13;
				MTL_ENABLE_DEBUG_INFO = INCLUDE_SOURCE;
				MTL_FAST_MATH = YES;
				ONLY_ACTIVE_ARCH = YES;
				SDKROOT = macosx;
			};
			name = Debug;
		};
		9933579F219D83F40086239E /* Release */ = {
			isa = XCBuildConfiguration;
			buildSettings = {
				ALWAYS_SEARCH_USER_PATHS = YES;
				CLANG_ANALYZER_NONNULL = YES;
				CLANG_ANALYZER_NUMBER_OBJECT_CONVERSION = YES_AGGRESSIVE;
				CLANG_CXX_LANGUAGE_STANDARD = "c++0x";
				CLANG_CXX_LIBRARY = "libc++";
				CLANG_ENABLE_MODULES = YES;
				CLANG_ENABLE_OBJC_ARC = YES;
				CLANG_ENABLE_OBJC_WEAK = YES;
				CLANG_WARN_BLOCK_CAPTURE_AUTORELEASING = YES;
				CLANG_WARN_BOOL_CONVERSION = YES;
				CLANG_WARN_COMMA = YES;
				CLANG_WARN_CONSTANT_CONVERSION = YES;
				CLANG_WARN_DEPRECATED_OBJC_IMPLEMENTATIONS = YES;
				CLANG_WARN_DIRECT_OBJC_ISA_USAGE = YES_ERROR;
				CLANG_WARN_DOCUMENTATION_COMMENTS = YES;
				CLANG_WARN_EMPTY_BODY = YES;
				CLANG_WARN_ENUM_CONVERSION = YES;
				CLANG_WARN_INFINITE_RECURSION = YES;
				CLANG_WARN_INT_CONVERSION = YES;
				CLANG_WARN_NON_LITERAL_NULL_CONVERSION = YES;
				CLANG_WARN_OBJC_IMPLICIT_RETAIN_SELF = YES;
				CLANG_WARN_OBJC_LITERAL_CONVERSION = YES;
				CLANG_WARN_OBJC_ROOT_CLASS = YES_ERROR;
				CLANG_WARN_RANGE_LOOP_ANALYSIS = YES;
				CLANG_WARN_STRICT_PROTOTYPES = YES;
				CLANG_WARN_SUSPICIOUS_MOVE = YES;
				CLANG_WARN_UNGUARDED_AVAILABILITY = YES_AGGRESSIVE;
				CLANG_WARN_UNREACHABLE_CODE = YES;
				CLANG_WARN__DUPLICATE_METHOD_MATCH = YES;
				CODE_SIGN_IDENTITY = "-";
				COPY_PHASE_STRIP = NO;
				DEBUG_INFORMATION_FORMAT = "dwarf-with-dsym";
				ENABLE_NS_ASSERTIONS = NO;
				ENABLE_STRICT_OBJC_MSGSEND = YES;
				GCC_C_LANGUAGE_STANDARD = gnu11;
				GCC_NO_COMMON_BLOCKS = YES;
				GCC_OPTIMIZATION_LEVEL = 3;
				GCC_WARN_64_TO_32_BIT_CONVERSION = YES;
				GCC_WARN_ABOUT_RETURN_TYPE = YES_ERROR;
				GCC_WARN_UNDECLARED_SELECTOR = YES;
				GCC_WARN_UNINITIALIZED_AUTOS = YES_AGGRESSIVE;
				GCC_WARN_UNUSED_FUNCTION = YES;
				GCC_WARN_UNUSED_VARIABLE = YES;
				MACOSX_DEPLOYMENT_TARGET = 10.13;
				MTL_ENABLE_DEBUG_INFO = NO;
				MTL_FAST_MATH = YES;
				ONLY_ACTIVE_ARCH = YES;
				SDKROOT = macosx;
			};
			name = Release;
		};
		993357A1219D83F40086239E /* Debug */ = {
			isa = XCBuildConfiguration;
			buildSettings = {
				CODE_SIGN_STYLE = Automatic;
				HEADER_SEARCH_PATHS = /Users/talzinger/boost_1_69_0;
				"HEADER_SEARCH_PATHS[arch=*]" = /Users/talzinger/boost_1_69_0;
				LIBRARY_SEARCH_PATHS = /Users/talzinger/boost_1_69_0/libs;
				MACOSX_DEPLOYMENT_TARGET = 10.11;
				PRODUCT_NAME = "$(TARGET_NAME)";
			};
			name = Debug;
		};
		993357A2219D83F40086239E /* Release */ = {
			isa = XCBuildConfiguration;
			buildSettings = {
				CODE_SIGN_STYLE = Automatic;
				HEADER_SEARCH_PATHS = /Users/talzinger/boost_1_69_0;
				LIBRARY_SEARCH_PATHS = /Users/talzinger/boost_1_69_0/libs;
				MACOSX_DEPLOYMENT_TARGET = 10.11;
				PRODUCT_NAME = "$(TARGET_NAME)";
			};
			name = Release;
		};
/* End XCBuildConfiguration section */

/* Begin XCConfigurationList section */
		99335794219D83F40086239E /* Build configuration list for PBXProject "fits" */ = {
			isa = XCConfigurationList;
			buildConfigurations = (
				9933579E219D83F40086239E /* Debug */,
				9933579F219D83F40086239E /* Release */,
			);
			defaultConfigurationIsVisible = 0;
			defaultConfigurationName = Release;
		};
		993357A0219D83F40086239E /* Build configuration list for PBXNativeTarget "fits" */ = {
			isa = XCConfigurationList;
			buildConfigurations = (
				993357A1219D83F40086239E /* Debug */,
				993357A2219D83F40086239E /* Release */,
			);
			defaultConfigurationIsVisible = 0;
			defaultConfigurationName = Release;
		};
/* End XCConfigurationList section */
	};
	rootObject = 99335791219D83F40086239E /* Project object */;
}
